# This file is autogenerated, do not edit; changes may be undone by the next 'dep ensure'.


[[projects]]
  name = "github.com/julienschmidt/httprouter"
  packages = ["."]
  revision = "4eec211fa4e8df74ed978dc5681612131854144f"
  version = "v1.3.0"

[solve-meta]
  analyzer-name = "dep"
  analyzer-version = 1
  inputs-digest = "e20e7010cb6ed04d0d9489490077efdfb2e5f2b39c8d4022d1d0bda58b44f2f9"
  solver-name = "gps-cdcl"
  solver-version = 1
